
Microsoft Visual Studio Solution File, Format Version 12.00
# Visual Studio Version 17
VisualStudioVersion = 17.14.36429.23
MinimumVisualStudioVersion = 10.0.40219.1
Project("{2150E333-8FDC-42A3-9474-1A3956D46DE8}") = "Task0", "Task0", "{02EA681E-C7D8-13C7-8484-4AC65E1B71E8}"
EndProject
Project("{FAE04EC0-301F-11D3-BF4B-00C04F79EFBC}") = "Tyuiu.SvaykinVE.Sprint4.Task0.V20", "Tyuiu.SvaykinVE.Sprint4.Task0.V20\Tyuiu.SvaykinVE.Sprint4.Task0.V20.csproj", "{1CD832D8-EA9B-463F-977B-87C55CECEAB2}"
EndProject
Project("{FAE04EC0-301F-11D3-BF4B-00C04F79EFBC}") = "Tyuiu.SvaykinVE.Sprint4.Task0.V20.Lib", "Tyuiu.SvaykinVE.Sprint4.Task0.V20.Lib\Tyuiu.SvaykinVE.Sprint4.Task0.V20.Lib.csproj", "{63F11975-81A6-46D2-A922-B515E558A2FC}"
EndProject
Project("{FAE04EC0-301F-11D3-BF4B-00C04F79EFBC}") = "Tyuiu.SvaykinVE.Sprint4.Task0.V20.Test", "Tyuiu.SvaykinVE.Sprint4.Task0.V20.Test\Tyuiu.SvaykinVE.Sprint4.Task0.V20.Test.csproj", "{1A05F189-492D-4D1F-B86F-63FD11D62BB6}"
EndProject
Project("{2150E333-8FDC-42A3-9474-1A3956D46DE8}") = "Task1", "Task1", "{C3617E6D-8720-419F-83AE-5C01D55AB4DD}"
EndProject
Project("{FAE04EC0-301F-11D3-BF4B-00C04F79EFBC}") = "Tyuiu.SvaykinVE.Sprint4.Task1.V1", "Tyuiu.SvaykinVE.Sprint4.Task1.V1\Tyuiu.SvaykinVE.Sprint4.Task1.V1.csproj", "{7147E5DE-7F25-4E2B-98A6-954E7F488B7D}"
EndProject
Project("{FAE04EC0-301F-11D3-BF4B-00C04F79EFBC}") = "Tyuiu.SvaykinVE.Sprint4.Task1.V1.Lib", "Tyuiu.SvaykinVE.Sprint4.Task1.V1.Lib\Tyuiu.SvaykinVE.Sprint4.Task1.V1.Lib.csproj", "{314CF6D8-AA96-40BC-8CBC-28E45FECE923}"
EndProject
Project("{FAE04EC0-301F-11D3-BF4B-00C04F79EFBC}") = "Tyuiu.SvaykinVE.Sprint4.Task1.V1.Test", "Tyuiu.SvaykinVE.Sprint4.Task1.V1.Test\Tyuiu.SvaykinVE.Sprint4.Task1.V1.Test.csproj", "{E1D58D06-6790-494D-9B92-F87DF8CA20EC}"
EndProject
Project("{2150E333-8FDC-42A3-9474-1A3956D46DE8}") = "Task2", "Task2", "{98C795BA-0816-4EB2-A098-9FCD2714A85A}"
EndProject
Project("{FAE04EC0-301F-11D3-BF4B-00C04F79EFBC}") = "Tyuiu.SvaykinVE.Sprint4.Task2.V4", "Tyuiu.SvaykinVE.Sprint4.Task2.V4\Tyuiu.SvaykinVE.Sprint4.Task2.V4.csproj", "{D5AF0B0E-A66D-498E-B24C-8F148169C26A}"
EndProject
Project("{FAE04EC0-301F-11D3-BF4B-00C04F79EFBC}") = "Tyuiu.SvaykinVE.Sprint4.Task2.V4.Lib", "Tyuiu.SvaykinVE.Sprint4.Task2.V4.Lib\Tyuiu.SvaykinVE.Sprint4.Task2.V4.Lib.csproj", "{1971CD06-3846-4648-924E-BC77D3EF477F}"
EndProject
Project("{FAE04EC0-301F-11D3-BF4B-00C04F79EFBC}") = "Tyuiu.SvaykinVE.Sprint4.Task2.V4.Test", "Tyuiu.SvaykinVE.Sprint4.Task2.V4.Test\Tyuiu.SvaykinVE.Sprint4.Task2.V4.Test.csproj", "{AF072F2B-2ACA-4019-8AE4-24E981D32A77}"
EndProject
Project("{2150E333-8FDC-42A3-9474-1A3956D46DE8}") = "Task3", "Task3", "{EEC868DD-E336-4D83-96CD-3BC665420E4F}"
EndProject
Project("{FAE04EC0-301F-11D3-BF4B-00C04F79EFBC}") = "Tyuiu.SvaykinVE.Sprint4.Task3.V7", "Tyuiu.SvaykinVE.Sprint4.Task3.V7\Tyuiu.SvaykinVE.Sprint4.Task3.V7.csproj", "{B29C2CE4-2C44-45E1-AB03-E1DEDA9CC8DF}"
EndProject
Project("{FAE04EC0-301F-11D3-BF4B-00C04F79EFBC}") = "Tyuiu.SvaykinVE.Sprint4.Task3.V7.Lib", "Tyuiu.SvaykinVE.Sprint4.Task3.V7.Lib\Tyuiu.SvaykinVE.Sprint4.Task3.V7.Lib.csproj", "{530CB889-CEED-4E5A-BF06-3E00157FA017}"
EndProject
Project("{FAE04EC0-301F-11D3-BF4B-00C04F79EFBC}") = "Tyuiu.SvaykinVE.Sprint4.Task3.V7.Test", "Tyuiu.SvaykinVE.Sprint4.Task3.V7.Test\Tyuiu.SvaykinVE.Sprint4.Task3.V7.Test.csproj", "{544F95A6-005E-464D-B307-7F45234DAC87}"
EndProject
Project("{2150E333-8FDC-42A3-9474-1A3956D46DE8}") = "Task4", "Task4", "{D5A29AA6-BC5D-4BE3-B0FA-635B83024BA5}"
EndProject
Project("{FAE04EC0-301F-11D3-BF4B-00C04F79EFBC}") = "Tyuiu.SvaykinVE.Sprint4.Task4.V30", "Tyuiu.SvaykinVE.Sprint4.Task4.V30\Tyuiu.SvaykinVE.Sprint4.Task4.V30.csproj", "{6E5759AB-C028-4DA8-AD28-D981B06297EC}"
EndProject
Project("{FAE04EC0-301F-11D3-BF4B-00C04F79EFBC}") = "Tyuiu.SvaykinVE.Sprint4.Task4.V30.Lib", "Tyuiu.SvaykinVE.Sprint4.Task4.V30.Lib\Tyuiu.SvaykinVE.Sprint4.Task4.V30.Lib.csproj", "{3F07D87E-4979-42AA-8F8B-9958C7FCFA04}"
EndProject
Project("{FAE04EC0-301F-11D3-BF4B-00C04F79EFBC}") = "Tyuiu.SvaykinVE.Sprint4.Task4.V30.Test", "Tyuiu.SvaykinVE.Sprint4.Task4.V30.Test\Tyuiu.SvaykinVE.Sprint4.Task4.V30.Test.csproj", "{48DB244D-9C8E-403B-A0D4-71C0D92C7135}"
EndProject
Project("{2150E333-8FDC-42A3-9474-1A3956D46DE8}") = "Task5", "Task5", "{4392523F-60F3-4643-AAA0-8FE4076AFA40}"
EndProject
Project("{FAE04EC0-301F-11D3-BF4B-00C04F79EFBC}") = "Tyuiu.SvaykinVE.Sprint4.Task5.V12", "Tyuiu.SvaykinVE.Sprint4.Task5.V12\Tyuiu.SvaykinVE.Sprint4.Task5.V12.csproj", "{93C11E1C-5EB6-42CA-ABDF-407D49C219EB}"
EndProject
Project("{FAE04EC0-301F-11D3-BF4B-00C04F79EFBC}") = "Tyuiu.SvaykinVE.Sprint4.Task5.V12.Lib", "Tyuiu.SvaykinVE.Sprint4.Task5.V12.Lib\Tyuiu.SvaykinVE.Sprint4.Task5.V12.Lib.csproj", "{C1D8F949-4A92-4A5A-A294-9E29F2EBE651}"
EndProject
Project("{FAE04EC0-301F-11D3-BF4B-00C04F79EFBC}") = "Tyuiu.SvaykinVE.Sprint4.Task5.V12.Test", "Tyuiu.SvaykinVE.Sprint4.Task5.V12.Test\Tyuiu.SvaykinVE.Sprint4.Task5.V12.Test.csproj", "{E273C28E-E43E-49DF-B830-8C869B4494DC}"
EndProject
Project("{2150E333-8FDC-42A3-9474-1A3956D46DE8}") = "Task6", "Task6", "{5FD7369B-E17F-4B51-92E1-D842C0F28AC8}"
EndProject
Project("{FAE04EC0-301F-11D3-BF4B-00C04F79EFBC}") = "Tyuiu.SvaykinVE.Sprint4.Task6.V14", "Tyuiu.SvaykinVE.Sprint4.Task6.V14\Tyuiu.SvaykinVE.Sprint4.Task6.V14.csproj", "{AB9EFAC6-F7D1-41EC-A8E0-0076A8E74E0C}"
EndProject
Project("{FAE04EC0-301F-11D3-BF4B-00C04F79EFBC}") = "Tyuiu.SvaykinVE.Sprint4.Task6.V14.Lib", "Tyuiu.SvaykinVE.Sprint4.Task6.V14.Lib\Tyuiu.SvaykinVE.Sprint4.Task6.V14.Lib.csproj", "{F830327E-A242-48C5-B779-BEBB6C3A343E}"
EndProject
Project("{FAE04EC0-301F-11D3-BF4B-00C04F79EFBC}") = "Tyuiu.SvaykinVE.Sprint4.Task6.V14.Test", "Tyuiu.SvaykinVE.Sprint4.Task6.V14.Test\Tyuiu.SvaykinVE.Sprint4.Task6.V14.Test.csproj", "{40C7BF1D-72C2-402C-9A8E-5D1C1E01D992}"
EndProject
Project("{2150E333-8FDC-42A3-9474-1A3956D46DE8}") = "Task7", "Task7", "{26F53FAC-AD97-4BA7-B021-D73548B6CD1A}"
EndProject
Project("{FAE04EC0-301F-11D3-BF4B-00C04F79EFBC}") = "Tyuiu.SvaykinVE.Sprint4.Task7.V17", "Tyuiu.SvaykinVE.Sprint4.Task7.V17\Tyuiu.SvaykinVE.Sprint4.Task7.V17.csproj", "{582FFD3F-74E0-41C5-9687-BA90E9703683}"
EndProject
Project("{FAE04EC0-301F-11D3-BF4B-00C04F79EFBC}") = "Tyuiu.SvaykinVE.Sprint4.Task7.V17.Lib", "Tyuiu.SvaykinVE.Sprint4.Task7.V17.Lib\Tyuiu.SvaykinVE.Sprint4.Task7.V17.Lib.csproj", "{0D5C777D-23D4-4FB7-89D6-F970E963C8B0}"
EndProject
Project("{FAE04EC0-301F-11D3-BF4B-00C04F79EFBC}") = "Tyuiu.SvaykinVE.Sprint4.Task7.V17.Test", "Tyuiu.SvaykinVE.Sprint4.Task7.V17.Test\Tyuiu.SvaykinVE.Sprint4.Task7.V17.Test.csproj", "{9B595781-22A2-46B6-AF65-226E07C8CA34}"
EndProject
Global
	GlobalSection(SolutionConfigurationPlatforms) = preSolution
		Debug|Any CPU = Debug|Any CPU
		Release|Any CPU = Release|Any CPU
	EndGlobalSection
	GlobalSection(ProjectConfigurationPlatforms) = postSolution
		{1CD832D8-EA9B-463F-977B-87C55CECEAB2}.Debug|Any CPU.ActiveCfg = Debug|Any CPU
		{1CD832D8-EA9B-463F-977B-87C55CECEAB2}.Debug|Any CPU.Build.0 = Debug|Any CPU
		{1CD832D8-EA9B-463F-977B-87C55CECEAB2}.Release|Any CPU.ActiveCfg = Release|Any CPU
		{1CD832D8-EA9B-463F-977B-87C55CECEAB2}.Release|Any CPU.Build.0 = Release|Any CPU
		{63F11975-81A6-46D2-A922-B515E558A2FC}.Debug|Any CPU.ActiveCfg = Debug|Any CPU
		{63F11975-81A6-46D2-A922-B515E558A2FC}.Debug|Any CPU.Build.0 = Debug|Any CPU
		{63F11975-81A6-46D2-A922-B515E558A2FC}.Release|Any CPU.ActiveCfg = Release|Any CPU
		{63F11975-81A6-46D2-A922-B515E558A2FC}.Release|Any CPU.Build.0 = Release|Any CPU
		{1A05F189-492D-4D1F-B86F-63FD11D62BB6}.Debug|Any CPU.ActiveCfg = Debug|Any CPU
		{1A05F189-492D-4D1F-B86F-63FD11D62BB6}.Debug|Any CPU.Build.0 = Debug|Any CPU
		{1A05F189-492D-4D1F-B86F-63FD11D62BB6}.Release|Any CPU.ActiveCfg = Release|Any CPU
		{1A05F189-492D-4D1F-B86F-63FD11D62BB6}.Release|Any CPU.Build.0 = Release|Any CPU
		{7147E5DE-7F25-4E2B-98A6-954E7F488B7D}.Debug|Any CPU.ActiveCfg = Debug|Any CPU
		{7147E5DE-7F25-4E2B-98A6-954E7F488B7D}.Debug|Any CPU.Build.0 = Debug|Any CPU
		{7147E5DE-7F25-4E2B-98A6-954E7F488B7D}.Release|Any CPU.ActiveCfg = Release|Any CPU
		{7147E5DE-7F25-4E2B-98A6-954E7F488B7D}.Release|Any CPU.Build.0 = Release|Any CPU
		{314CF6D8-AA96-40BC-8CBC-28E45FECE923}.Debug|Any CPU.ActiveCfg = Debug|Any CPU
		{314CF6D8-AA96-40BC-8CBC-28E45FECE923}.Debug|Any CPU.Build.0 = Debug|Any CPU
		{314CF6D8-AA96-40BC-8CBC-28E45FECE923}.Release|Any CPU.ActiveCfg = Release|Any CPU
		{314CF6D8-AA96-40BC-8CBC-28E45FECE923}.Release|Any CPU.Build.0 = Release|Any CPU
		{E1D58D06-6790-494D-9B92-F87DF8CA20EC}.Debug|Any CPU.ActiveCfg = Debug|Any CPU
		{E1D58D06-6790-494D-9B92-F87DF8CA20EC}.Debug|Any CPU.Build.0 = Debug|Any CPU
		{E1D58D06-6790-494D-9B92-F87DF8CA20EC}.Release|Any CPU.ActiveCfg = Release|Any CPU
		{E1D58D06-6790-494D-9B92-F87DF8CA20EC}.Release|Any CPU.Build.0 = Release|Any CPU
		{D5AF0B0E-A66D-498E-B24C-8F148169C26A}.Debug|Any CPU.ActiveCfg = Debug|Any CPU
		{D5AF0B0E-A66D-498E-B24C-8F148169C26A}.Debug|Any CPU.Build.0 = Debug|Any CPU
		{D5AF0B0E-A66D-498E-B24C-8F148169C26A}.Release|Any CPU.ActiveCfg = Release|Any CPU
		{D5AF0B0E-A66D-498E-B24C-8F148169C26A}.Release|Any CPU.Build.0 = Release|Any CPU
		{1971CD06-3846-4648-924E-BC77D3EF477F}.Debug|Any CPU.ActiveCfg = Debug|Any CPU
		{1971CD06-3846-4648-924E-BC77D3EF477F}.Debug|Any CPU.Build.0 = Debug|Any CPU
		{1971CD06-3846-4648-924E-BC77D3EF477F}.Release|Any CPU.ActiveCfg = Release|Any CPU
		{1971CD06-3846-4648-924E-BC77D3EF477F}.Release|Any CPU.Build.0 = Release|Any CPU
		{AF072F2B-2ACA-4019-8AE4-24E981D32A77}.Debug|Any CPU.ActiveCfg = Debug|Any CPU
		{AF072F2B-2ACA-4019-8AE4-24E981D32A77}.Debug|Any CPU.Build.0 = Debug|Any CPU
		{AF072F2B-2ACA-4019-8AE4-24E981D32A77}.Release|Any CPU.ActiveCfg = Release|Any CPU
		{AF072F2B-2ACA-4019-8AE4-24E981D32A77}.Release|Any CPU.Build.0 = Release|Any CPU
		{B29C2CE4-2C44-45E1-AB03-E1DEDA9CC8DF}.Debug|Any CPU.ActiveCfg = Debug|Any CPU
		{B29C2CE4-2C44-45E1-AB03-E1DEDA9CC8DF}.Debug|Any CPU.Build.0 = Debug|Any CPU
		{B29C2CE4-2C44-45E1-AB03-E1DEDA9CC8DF}.Release|Any CPU.ActiveCfg = Release|Any CPU
		{B29C2CE4-2C44-45E1-AB03-E1DEDA9CC8DF}.Release|Any CPU.Build.0 = Release|Any CPU
		{530CB889-CEED-4E5A-BF06-3E00157FA017}.Debug|Any CPU.ActiveCfg = Debug|Any CPU
		{530CB889-CEED-4E5A-BF06-3E00157FA017}.Debug|Any CPU.Build.0 = Debug|Any CPU
		{530CB889-CEED-4E5A-BF06-3E00157FA017}.Release|Any CPU.ActiveCfg = Release|Any CPU
		{530CB889-CEED-4E5A-BF06-3E00157FA017}.Release|Any CPU.Build.0 = Release|Any CPU
		{544F95A6-005E-464D-B307-7F45234DAC87}.Debug|Any CPU.ActiveCfg = Debug|Any CPU
		{544F95A6-005E-464D-B307-7F45234DAC87}.Debug|Any CPU.Build.0 = Debug|Any CPU
		{544F95A6-005E-464D-B307-7F45234DAC87}.Release|Any CPU.ActiveCfg = Release|Any CPU
		{544F95A6-005E-464D-B307-7F45234DAC87}.Release|Any CPU.Build.0 = Release|Any CPU
		{6E5759AB-C028-4DA8-AD28-D981B06297EC}.Debug|Any CPU.ActiveCfg = Debug|Any CPU
		{6E5759AB-C028-4DA8-AD28-D981B06297EC}.Debug|Any CPU.Build.0 = Debug|Any CPU
		{6E5759AB-C028-4DA8-AD28-D981B06297EC}.Release|Any CPU.ActiveCfg = Release|Any CPU
		{6E5759AB-C028-4DA8-AD28-D981B06297EC}.Release|Any CPU.Build.0 = Release|Any CPU
		{3F07D87E-4979-42AA-8F8B-9958C7FCFA04}.Debug|Any CPU.ActiveCfg = Debug|Any CPU
		{3F07D87E-4979-42AA-8F8B-9958C7FCFA04}.Debug|Any CPU.Build.0 = Debug|Any CPU
		{3F07D87E-4979-42AA-8F8B-9958C7FCFA04}.Release|Any CPU.ActiveCfg = Release|Any CPU
		{3F07D87E-4979-42AA-8F8B-9958C7FCFA04}.Release|Any CPU.Build.0 = Release|Any CPU
		{48DB244D-9C8E-403B-A0D4-71C0D92C7135}.Debug|Any CPU.ActiveCfg = Debug|Any CPU
		{48DB244D-9C8E-403B-A0D4-71C0D92C7135}.Debug|Any CPU.Build.0 = Debug|Any CPU
		{48DB244D-9C8E-403B-A0D4-71C0D92C7135}.Release|Any CPU.ActiveCfg = Release|Any CPU
		{48DB244D-9C8E-403B-A0D4-71C0D92C7135}.Release|Any CPU.Build.0 = Release|Any CPU
		{93C11E1C-5EB6-42CA-ABDF-407D49C219EB}.Debug|Any CPU.ActiveCfg = Debug|Any CPU
		{93C11E1C-5EB6-42CA-ABDF-407D49C219EB}.Debug|Any CPU.Build.0 = Debug|Any CPU
		{93C11E1C-5EB6-42CA-ABDF-407D49C219EB}.Release|Any CPU.ActiveCfg = Release|Any CPU
		{93C11E1C-5EB6-42CA-ABDF-407D49C219EB}.Release|Any CPU.Build.0 = Release|Any CPU
		{C1D8F949-4A92-4A5A-A294-9E29F2EBE651}.Debug|Any CPU.ActiveCfg = Debug|Any CPU
		{C1D8F949-4A92-4A5A-A294-9E29F2EBE651}.Debug|Any CPU.Build.0 = Debug|Any CPU
		{C1D8F949-4A92-4A5A-A294-9E29F2EBE651}.Release|Any CPU.ActiveCfg = Release|Any CPU
		{C1D8F949-4A92-4A5A-A294-9E29F2EBE651}.Release|Any CPU.Build.0 = Release|Any CPU
		{E273C28E-E43E-49DF-B830-8C869B4494DC}.Debug|Any CPU.ActiveCfg = Debug|Any CPU
		{E273C28E-E43E-49DF-B830-8C869B4494DC}.Debug|Any CPU.Build.0 = Debug|Any CPU
		{E273C28E-E43E-49DF-B830-8C869B4494DC}.Release|Any CPU.ActiveCfg = Release|Any CPU
		{E273C28E-E43E-49DF-B830-8C869B4494DC}.Release|Any CPU.Build.0 = Release|Any CPU
		{AB9EFAC6-F7D1-41EC-A8E0-0076A8E74E0C}.Debug|Any CPU.ActiveCfg = Debug|Any CPU
		{AB9EFAC6-F7D1-41EC-A8E0-0076A8E74E0C}.Debug|Any CPU.Build.0 = Debug|Any CPU
		{AB9EFAC6-F7D1-41EC-A8E0-0076A8E74E0C}.Release|Any CPU.ActiveCfg = Release|Any CPU
		{AB9EFAC6-F7D1-41EC-A8E0-0076A8E74E0C}.Release|Any CPU.Build.0 = Release|Any CPU
		{F830327E-A242-48C5-B779-BEBB6C3A343E}.Debug|Any CPU.ActiveCfg = Debug|Any CPU
		{F830327E-A242-48C5-B779-BEBB6C3A343E}.Debug|Any CPU.Build.0 = Debug|Any CPU
		{F830327E-A242-48C5-B779-BEBB6C3A343E}.Release|Any CPU.ActiveCfg = Release|Any CPU
		{F830327E-A242-48C5-B779-BEBB6C3A343E}.Release|Any CPU.Build.0 = Release|Any CPU
		{40C7BF1D-72C2-402C-9A8E-5D1C1E01D992}.Debug|Any CPU.ActiveCfg = Debug|Any CPU
		{40C7BF1D-72C2-402C-9A8E-5D1C1E01D992}.Debug|Any CPU.Build.0 = Debug|Any CPU
		{40C7BF1D-72C2-402C-9A8E-5D1C1E01D992}.Release|Any CPU.ActiveCfg = Release|Any CPU
		{40C7BF1D-72C2-402C-9A8E-5D1C1E01D992}.Release|Any CPU.Build.0 = Release|Any CPU
		{582FFD3F-74E0-41C5-9687-BA90E9703683}.Debug|Any CPU.ActiveCfg = Debug|Any CPU
		{582FFD3F-74E0-41C5-9687-BA90E9703683}.Debug|Any CPU.Build.0 = Debug|Any CPU
		{582FFD3F-74E0-41C5-9687-BA90E9703683}.Release|Any CPU.ActiveCfg = Release|Any CPU
		{582FFD3F-74E0-41C5-9687-BA90E9703683}.Release|Any CPU.Build.0 = Release|Any CPU
		{0D5C777D-23D4-4FB7-89D6-F970E963C8B0}.Debug|Any CPU.ActiveCfg = Debug|Any CPU
		{0D5C777D-23D4-4FB7-89D6-F970E963C8B0}.Debug|Any CPU.Build.0 = Debug|Any CPU
		{0D5C777D-23D4-4FB7-89D6-F970E963C8B0}.Release|Any CPU.ActiveCfg = Release|Any CPU
		{0D5C777D-23D4-4FB7-89D6-F970E963C8B0}.Release|Any CPU.Build.0 = Release|Any CPU
		{9B595781-22A2-46B6-AF65-226E07C8CA34}.Debug|Any CPU.ActiveCfg = Debug|Any CPU
		{9B595781-22A2-46B6-AF65-226E07C8CA34}.Debug|Any CPU.Build.0 = Debug|Any CPU
		{9B595781-22A2-46B6-AF65-226E07C8CA34}.Release|Any CPU.ActiveCfg = Release|Any CPU
		{9B595781-22A2-46B6-AF65-226E07C8CA34}.Release|Any CPU.Build.0 = Release|Any CPU
	EndGlobalSection
	GlobalSection(SolutionProperties) = preSolution
		HideSolutionNode = FALSE
	EndGlobalSection
	GlobalSection(NestedProjects) = preSolution
		{1CD832D8-EA9B-463F-977B-87C55CECEAB2} = {02EA681E-C7D8-13C7-8484-4AC65E1B71E8}
		{63F11975-81A6-46D2-A922-B515E558A2FC} = {02EA681E-C7D8-13C7-8484-4AC65E1B71E8}
		{1A05F189-492D-4D1F-B86F-63FD11D62BB6} = {02EA681E-C7D8-13C7-8484-4AC65E1B71E8}
		{7147E5DE-7F25-4E2B-98A6-954E7F488B7D} = {C3617E6D-8720-419F-83AE-5C01D55AB4DD}
		{314CF6D8-AA96-40BC-8CBC-28E45FECE923} = {C3617E6D-8720-419F-83AE-5C01D55AB4DD}
		{E1D58D06-6790-494D-9B92-F87DF8CA20EC} = {C3617E6D-8720-419F-83AE-5C01D55AB4DD}
		{D5AF0B0E-A66D-498E-B24C-8F148169C26A} = {98C795BA-0816-4EB2-A098-9FCD2714A85A}
		{1971CD06-3846-4648-924E-BC77D3EF477F} = {98C795BA-0816-4EB2-A098-9FCD2714A85A}
		{AF072F2B-2ACA-4019-8AE4-24E981D32A77} = {98C795BA-0816-4EB2-A098-9FCD2714A85A}
		{B29C2CE4-2C44-45E1-AB03-E1DEDA9CC8DF} = {EEC868DD-E336-4D83-96CD-3BC665420E4F}
		{530CB889-CEED-4E5A-BF06-3E00157FA017} = {EEC868DD-E336-4D83-96CD-3BC665420E4F}
		{544F95A6-005E-464D-B307-7F45234DAC87} = {EEC868DD-E336-4D83-96CD-3BC665420E4F}
		{6E5759AB-C028-4DA8-AD28-D981B06297EC} = {D5A29AA6-BC5D-4BE3-B0FA-635B83024BA5}
		{3F07D87E-4979-42AA-8F8B-9958C7FCFA04} = {D5A29AA6-BC5D-4BE3-B0FA-635B83024BA5}
		{48DB244D-9C8E-403B-A0D4-71C0D92C7135} = {D5A29AA6-BC5D-4BE3-B0FA-635B83024BA5}
		{93C11E1C-5EB6-42CA-ABDF-407D49C219EB} = {4392523F-60F3-4643-AAA0-8FE4076AFA40}
		{C1D8F949-4A92-4A5A-A294-9E29F2EBE651} = {4392523F-60F3-4643-AAA0-8FE4076AFA40}
		{E273C28E-E43E-49DF-B830-8C869B4494DC} = {4392523F-60F3-4643-AAA0-8FE4076AFA40}
		{AB9EFAC6-F7D1-41EC-A8E0-0076A8E74E0C} = {5FD7369B-E17F-4B51-92E1-D842C0F28AC8}
		{F830327E-A242-48C5-B779-BEBB6C3A343E} = {5FD7369B-E17F-4B51-92E1-D842C0F28AC8}
		{40C7BF1D-72C2-402C-9A8E-5D1C1E01D992} = {5FD7369B-E17F-4B51-92E1-D842C0F28AC8}
		{582FFD3F-74E0-41C5-9687-BA90E9703683} = {26F53FAC-AD97-4BA7-B021-D73548B6CD1A}
		{0D5C777D-23D4-4FB7-89D6-F970E963C8B0} = {26F53FAC-AD97-4BA7-B021-D73548B6CD1A}
		{9B595781-22A2-46B6-AF65-226E07C8CA34} = {26F53FAC-AD97-4BA7-B021-D73548B6CD1A}
	EndGlobalSection
	GlobalSection(ExtensibilityGlobals) = postSolution
		SolutionGuid = {ADD6FAB7-6E9F-4B63-BDD8-EB92FA35AEFF}
	EndGlobalSection
EndGlobal
